
Microsoft Visual Studio Solution File, Format Version 12.00
# Visual Studio Version 17
VisualStudioVersion = 17.14.36705.20 d17.14
MinimumVisualStudioVersion = 10.0.40219.1
Project("{FAE04EC0-301F-11D3-BF4B-00C04F79EFBC}") = "quadrato", "quadrato\quadrato.csproj", "{C94DE788-61E8-4A7E-BD1E-BA50F8814CB2}"
EndProject
Global
	GlobalSection(SolutionConfigurationPlatforms) = preSolution
		Debug|Any CPU = Debug|Any CPU
		Release|Any CPU = Release|Any CPU
	EndGlobalSection
	GlobalSection(ProjectConfigurationPlatforms) = postSolution
		{C94DE788-61E8-4A7E-BD1E-BA50F8814CB2}.Debug|Any CPU.ActiveCfg = Debug|Any CPU
		{C94DE788-61E8-4A7E-BD1E-BA50F8814CB2}.Debug|Any CPU.Build.0 = Debug|Any CPU
		{C94DE788-61E8-4A7E-BD1E-BA50F8814CB2}.Release|Any CPU.ActiveCfg = Release|Any CPU
		{C94DE788-61E8-4A7E-BD1E-BA50F8814CB2}.Release|Any CPU.Build.0 = Release|Any CPU
	EndGlobalSection
	GlobalSection(SolutionProperties) = preSolution
		HideSolutionNode = FALSE
	EndGlobalSection
	GlobalSection(ExtensibilityGlobals) = postSolution
		SolutionGuid = {6A8DCBD5-3B41-47EF-83F4-D27B79DCD2A9}
	EndGlobalSection
EndGlobal
